// !$*UTF8*$!
{
	archiveVersion = 1;
	classes = {
	};
	objectVersion = 55;
	objects = {

/* Begin PBXBuildFile section */
		121BF7A92B0D086700EBED20 /* HangmanViewModel.swift in Sources */ = {isa = PBXBuildFile; fileRef = 121BF7A82B0D086700EBED20 /* HangmanViewModel.swift */; };
		121BF7AD2B0D089800EBED20 /* APIManager.swift in Sources */ = {isa = PBXBuildFile; fileRef = 121BF7AC2B0D089800EBED20 /* APIManager.swift */; };
		121BF7AF2B0D08A800EBED20 /* Constants.swift in Sources */ = {isa = PBXBuildFile; fileRef = 121BF7AE2B0D08A800EBED20 /* Constants.swift */; };
		121BF7B12B0D08B600EBED20 /* Extensions.swift in Sources */ = {isa = PBXBuildFile; fileRef = 121BF7B02B0D08B600EBED20 /* Extensions.swift */; };
		121BF7B32B0D091800EBED20 /* HangmanView.swift in Sources */ = {isa = PBXBuildFile; fileRef = 121BF7B22B0D091800EBED20 /* HangmanView.swift */; };
		121BF7B52B0D092F00EBED20 /* HighScoreView.swift in Sources */ = {isa = PBXBuildFile; fileRef = 121BF7B42B0D092F00EBED20 /* HighScoreView.swift */; };
		121BF7B72B0D09B600EBED20 /* LetterButtonView.swift in Sources */ = {isa = PBXBuildFile; fileRef = 121BF7B62B0D09B600EBED20 /* LetterButtonView.swift */; };
		121BF7B92B0D203E00EBED20 /* Models.swift in Sources */ = {isa = PBXBuildFile; fileRef = 121BF7B82B0D203E00EBED20 /* Models.swift */; };
		12D252EB2B0CFAD50016EAF6 /* TP2App.swift in Sources */ = {isa = PBXBuildFile; fileRef = 12D252EA2B0CFAD50016EAF6 /* TP2App.swift */; };
		12D252ED2B0CFAD50016EAF6 /* ContentView.swift in Sources */ = {isa = PBXBuildFile; fileRef = 12D252EC2B0CFAD50016EAF6 /* ContentView.swift */; };
		12D252F22B0CFAD60016EAF6 /* Preview Assets.xcassets in Resources */ = {isa = PBXBuildFile; fileRef = 12D252F12B0CFAD60016EAF6 /* Preview Assets.xcassets */; };
		12D2531E2B0D078F0016EAF6 /* HangmanGame.swift in Sources */ = {isa = PBXBuildFile; fileRef = 12D2531D2B0D078F0016EAF6 /* HangmanGame.swift */; };
		12DA0FB72B0FD43400D73846 /* Assets.xcassets in Resources */ = {isa = PBXBuildFile; fileRef = 12DA0FB62B0FD43400D73846 /* Assets.xcassets */; };
/* End PBXBuildFile section */

/* Begin PBXContainerItemProxy section */
		12D252F82B0CFAD60016EAF6 /* PBXContainerItemProxy */ = {
			isa = PBXContainerItemProxy;
			containerPortal = 12D252DF2B0CFAD50016EAF6 /* Project object */;
			proxyType = 1;
			remoteGlobalIDString = 12D252E62B0CFAD50016EAF6;
			remoteInfo = TP2;
		};
		12D253022B0CFAD60016EAF6 /* PBXContainerItemProxy */ = {
			isa = PBXContainerItemProxy;
			containerPortal = 12D252DF2B0CFAD50016EAF6 /* Project object */;
			proxyType = 1;
			remoteGlobalIDString = 12D252E62B0CFAD50016EAF6;
			remoteInfo = TP2;
		};
/* End PBXContainerItemProxy section */

/* Begin PBXFileReference section */
		121BF7A82B0D086700EBED20 /* HangmanViewModel.swift */ = {isa = PBXFileReference; lastKnownFileType = sourcecode.swift; path = HangmanViewModel.swift; sourceTree = "<group>"; };
		121BF7AC2B0D089800EBED20 /* APIManager.swift */ = {isa = PBXFileReference; lastKnownFileType = sourcecode.swift; path = APIManager.swift; sourceTree = "<group>"; };
		121BF7AE2B0D08A800EBED20 /* Constants.swift */ = {isa = PBXFileReference; lastKnownFileType = sourcecode.swift; path = Constants.swift; sourceTree = "<group>"; };
		121BF7B02B0D08B600EBED20 /* Extensions.swift */ = {isa = PBXFileReference; lastKnownFileType = sourcecode.swift; path = Extensions.swift; sourceTree = "<group>"; };
		121BF7B22B0D091800EBED20 /* HangmanView.swift */ = {isa = PBXFileReference; lastKnownFileType = sourcecode.swift; path = HangmanView.swift; sourceTree = "<group>"; };
		121BF7B42B0D092F00EBED20 /* HighScoreView.swift */ = {isa = PBXFileReference; lastKnownFileType = sourcecode.swift; path = HighScoreView.swift; sourceTree = "<group>"; };
		121BF7B62B0D09B600EBED20 /* LetterButtonView.swift */ = {isa = PBXFileReference; lastKnownFileType = sourcecode.swift; path = LetterButtonView.swift; sourceTree = "<group>"; };
		121BF7B82B0D203E00EBED20 /* Models.swift */ = {isa = PBXFileReference; lastKnownFileType = sourcecode.swift; path = Models.swift; sourceTree = "<group>"; };
		12D252E72B0CFAD50016EAF6 /* TP2.app */ = {isa = PBXFileReference; explicitFileType = wrapper.application; includeInIndex = 0; path = TP2.app; sourceTree = BUILT_PRODUCTS_DIR; };
		12D252EA2B0CFAD50016EAF6 /* TP2App.swift */ = {isa = PBXFileReference; lastKnownFileType = sourcecode.swift; path = TP2App.swift; sourceTree = "<group>"; };
		12D252EC2B0CFAD50016EAF6 /* ContentView.swift */ = {isa = PBXFileReference; lastKnownFileType = sourcecode.swift; path = ContentView.swift; sourceTree = "<group>"; };
		12D252F12B0CFAD60016EAF6 /* Preview Assets.xcassets */ = {isa = PBXFileReference; lastKnownFileType = folder.assetcatalog; path = "Preview Assets.xcassets"; sourceTree = "<group>"; };
		12D252F72B0CFAD60016EAF6 /* TP2Tests.xctest */ = {isa = PBXFileReference; explicitFileType = wrapper.cfbundle; includeInIndex = 0; path = TP2Tests.xctest; sourceTree = BUILT_PRODUCTS_DIR; };
		12D253012B0CFAD60016EAF6 /* TP2UITests.xctest */ = {isa = PBXFileReference; explicitFileType = wrapper.cfbundle; includeInIndex = 0; path = TP2UITests.xctest; sourceTree = BUILT_PRODUCTS_DIR; };
		12D2531D2B0D078F0016EAF6 /* HangmanGame.swift */ = {isa = PBXFileReference; lastKnownFileType = sourcecode.swift; path = HangmanGame.swift; sourceTree = "<group>"; };
		12DA0FB62B0FD43400D73846 /* Assets.xcassets */ = {isa = PBXFileReference; lastKnownFileType = folder.assetcatalog; path = Assets.xcassets; sourceTree = "<group>"; };
/* End PBXFileReference section */

/* Begin PBXFrameworksBuildPhase section */
		12D252E42B0CFAD50016EAF6 /* Frameworks */ = {
			isa = PBXFrameworksBuildPhase;
			buildActionMask = 2147483647;
			files = (
			);
			runOnlyForDeploymentPostprocessing = 0;
		};
		12D252F42B0CFAD60016EAF6 /* Frameworks */ = {
			isa = PBXFrameworksBuildPhase;
			buildActionMask = 2147483647;
			files = (
			);
			runOnlyForDeploymentPostprocessing = 0;
		};
		12D252FE2B0CFAD60016EAF6 /* Frameworks */ = {
			isa = PBXFrameworksBuildPhase;
			buildActionMask = 2147483647;
			files = (
			);
			runOnlyForDeploymentPostprocessing = 0;
		};
/* End PBXFrameworksBuildPhase section */

/* Begin PBXGroup section */
		12D252DE2B0CFAD50016EAF6 = {
			isa = PBXGroup;
			children = (
				12D252E92B0CFAD50016EAF6 /* TP2 */,
				12D252E82B0CFAD50016EAF6 /* Products */,
			);
			sourceTree = "<group>";
		};
		12D252E82B0CFAD50016EAF6 /* Products */ = {
			isa = PBXGroup;
			children = (
				12D252E72B0CFAD50016EAF6 /* TP2.app */,
				12D252F72B0CFAD60016EAF6 /* TP2Tests.xctest */,
				12D253012B0CFAD60016EAF6 /* TP2UITests.xctest */,
			);
			name = Products;
			sourceTree = "<group>";
		};
		12D252E92B0CFAD50016EAF6 /* TP2 */ = {
			isa = PBXGroup;
			children = (
				12D2531B2B0D073D0016EAF6 /* Utilities */,
				12D2531A2B0D07340016EAF6 /* Networking */,
				12D253162B0D07080016EAF6 /* ViewModel */,
				12D253152B0D07030016EAF6 /* View */,
				12D253142B0D06F20016EAF6 /* Model */,
				12D252EA2B0CFAD50016EAF6 /* TP2App.swift */,
				12D252F02B0CFAD60016EAF6 /* Preview Content */,
				12DA0FB62B0FD43400D73846 /* Assets.xcassets */,
			);
			path = TP2;
			sourceTree = "<group>";
		};
		12D252F02B0CFAD60016EAF6 /* Preview Content */ = {
			isa = PBXGroup;
			children = (
				12D252F12B0CFAD60016EAF6 /* Preview Assets.xcassets */,
			);
			path = "Preview Content";
			sourceTree = "<group>";
		};
		12D253142B0D06F20016EAF6 /* Model */ = {
			isa = PBXGroup;
			children = (
				12D2531D2B0D078F0016EAF6 /* HangmanGame.swift */,
				121BF7B82B0D203E00EBED20 /* Models.swift */,
			);
			path = Model;
			sourceTree = "<group>";
		};
		12D253152B0D07030016EAF6 /* View */ = {
			isa = PBXGroup;
			children = (
				12D252EC2B0CFAD50016EAF6 /* ContentView.swift */,
				121BF7B22B0D091800EBED20 /* HangmanView.swift */,
				121BF7B42B0D092F00EBED20 /* HighScoreView.swift */,
				121BF7B62B0D09B600EBED20 /* LetterButtonView.swift */,
			);
			path = View;
			sourceTree = "<group>";
		};
		12D253162B0D07080016EAF6 /* ViewModel */ = {
			isa = PBXGroup;
			children = (
				121BF7A82B0D086700EBED20 /* HangmanViewModel.swift */,
			);
			path = ViewModel;
			sourceTree = "<group>";
		};
		12D2531A2B0D07340016EAF6 /* Networking */ = {
			isa = PBXGroup;
			children = (
				121BF7AC2B0D089800EBED20 /* APIManager.swift */,
			);
			path = Networking;
			sourceTree = "<group>";
		};
		12D2531B2B0D073D0016EAF6 /* Utilities */ = {
			isa = PBXGroup;
			children = (
				121BF7AE2B0D08A800EBED20 /* Constants.swift */,
				121BF7B02B0D08B600EBED20 /* Extensions.swift */,
			);
			path = Utilities;
			sourceTree = "<group>";
		};
/* End PBXGroup section */

/* Begin PBXNativeTarget section */
		12D252E62B0CFAD50016EAF6 /* TP2 */ = {
			isa = PBXNativeTarget;
			buildConfigurationList = 12D2530B2B0CFAD60016EAF6 /* Build configuration list for PBXNativeTarget "TP2" */;
			buildPhases = (
				12D252E32B0CFAD50016EAF6 /* Sources */,
				12D252E42B0CFAD50016EAF6 /* Frameworks */,
				12D252E52B0CFAD50016EAF6 /* Resources */,
			);
			buildRules = (
			);
			dependencies = (
			);
			name = TP2;
			productName = TP2;
			productReference = 12D252E72B0CFAD50016EAF6 /* TP2.app */;
			productType = "com.apple.product-type.application";
		};
		12D252F62B0CFAD60016EAF6 /* TP2Tests */ = {
			isa = PBXNativeTarget;
			buildConfigurationList = 12D2530E2B0CFAD60016EAF6 /* Build configuration list for PBXNativeTarget "TP2Tests" */;
			buildPhases = (
				12D252F32B0CFAD60016EAF6 /* Sources */,
				12D252F42B0CFAD60016EAF6 /* Frameworks */,
				12D252F52B0CFAD60016EAF6 /* Resources */,
			);
			buildRules = (
			);
			dependencies = (
				12D252F92B0CFAD60016EAF6 /* PBXTargetDependency */,
			);
			name = TP2Tests;
			productName = TP2Tests;
			productReference = 12D252F72B0CFAD60016EAF6 /* TP2Tests.xctest */;
			productType = "com.apple.product-type.bundle.unit-test";
		};
		12D253002B0CFAD60016EAF6 /* TP2UITests */ = {
			isa = PBXNativeTarget;
			buildConfigurationList = 12D253112B0CFAD60016EAF6 /* Build configuration list for PBXNativeTarget "TP2UITests" */;
			buildPhases = (
				12D252FD2B0CFAD60016EAF6 /* Sources */,
				12D252FE2B0CFAD60016EAF6 /* Frameworks */,
				12D252FF2B0CFAD60016EAF6 /* Resources */,
			);
			buildRules = (
			);
			dependencies = (
				12D253032B0CFAD60016EAF6 /* PBXTargetDependency */,
			);
			name = TP2UITests;
			productName = TP2UITests;
			productReference = 12D253012B0CFAD60016EAF6 /* TP2UITests.xctest */;
			productType = "com.apple.product-type.bundle.ui-testing";
		};
/* End PBXNativeTarget section */

/* Begin PBXProject section */
		12D252DF2B0CFAD50016EAF6 /* Project object */ = {
			isa = PBXProject;
			attributes = {
				BuildIndependentTargetsInParallel = 1;
				LastSwiftUpdateCheck = 1340;
				LastUpgradeCheck = 1340;
				TargetAttributes = {
					12D252E62B0CFAD50016EAF6 = {
						CreatedOnToolsVersion = 13.4.1;
					};
					12D252F62B0CFAD60016EAF6 = {
						CreatedOnToolsVersion = 13.4.1;
						TestTargetID = 12D252E62B0CFAD50016EAF6;
					};
					12D253002B0CFAD60016EAF6 = {
						CreatedOnToolsVersion = 13.4.1;
						TestTargetID = 12D252E62B0CFAD50016EAF6;
					};
				};
			};
			buildConfigurationList = 12D252E22B0CFAD50016EAF6 /* Build configuration list for PBXProject "TP2" */;
			compatibilityVersion = "Xcode 13.0";
			developmentRegion = en;
			hasScannedForEncodings = 0;
			knownRegions = (
				en,
				Base,
			);
			mainGroup = 12D252DE2B0CFAD50016EAF6;
			productRefGroup = 12D252E82B0CFAD50016EAF6 /* Products */;
			projectDirPath = "";
			projectRoot = "";
			targets = (
				12D252E62B0CFAD50016EAF6 /* TP2 */,
				12D252F62B0CFAD60016EAF6 /* TP2Tests */,
				12D253002B0CFAD60016EAF6 /* TP2UITests */,
			);
		};
/* End PBXProject section */

/* Begin PBXResourcesBuildPhase section */
		12D252E52B0CFAD50016EAF6 /* Resources */ = {
			isa = PBXResourcesBuildPhase;
			buildActionMask = 2147483647;
			files = (
				12DA0FB72B0FD43400D73846 /* Assets.xcassets in Resources */,
				12D252F22B0CFAD60016EAF6 /* Preview Assets.xcassets in Resources */,
			);
			runOnlyForDeploymentPostprocessing = 0;
		};
		12D252F52B0CFAD60016EAF6 /* Resources */ = {
			isa = PBXResourcesBuildPhase;
			buildActionMask = 2147483647;
			files = (
			);
			runOnlyForDeploymentPostprocessing = 0;
		};
		12D252FF2B0CFAD60016EAF6 /* Resources */ = {
			isa = PBXResourcesBuildPhase;
			buildActionMask = 2147483647;
			files = (
			);
			runOnlyForDeploymentPostprocessing = 0;
		};
/* End PBXResourcesBuildPhase section */

/* Begin PBXSourcesBuildPhase section */
		12D252E32B0CFAD50016EAF6 /* Sources */ = {
			isa = PBXSourcesBuildPhase;
			buildActionMask = 2147483647;
			files = (
				121BF7B32B0D091800EBED20 /* HangmanView.swift in Sources */,
				12D252ED2B0CFAD50016EAF6 /* ContentView.swift in Sources */,
				121BF7A92B0D086700EBED20 /* HangmanViewModel.swift in Sources */,
				121BF7B92B0D203E00EBED20 /* Models.swift in Sources */,
				121BF7AD2B0D089800EBED20 /* APIManager.swift in Sources */,
				12D2531E2B0D078F0016EAF6 /* HangmanGame.swift in Sources */,
				121BF7AF2B0D08A800EBED20 /* Constants.swift in Sources */,
				12D252EB2B0CFAD50016EAF6 /* TP2App.swift in Sources */,
				121BF7B52B0D092F00EBED20 /* HighScoreView.swift in Sources */,
				121BF7B12B0D08B600EBED20 /* Extensions.swift in Sources */,
				121BF7B72B0D09B600EBED20 /* LetterButtonView.swift in Sources */,
			);
			runOnlyForDeploymentPostprocessing = 0;
		};
		12D252F32B0CFAD60016EAF6 /* Sources */ = {
			isa = PBXSourcesBuildPhase;
			buildActionMask = 2147483647;
			files = (
			);
			runOnlyForDeploymentPostprocessing = 0;
		};
		12D252FD2B0CFAD60016EAF6 /* Sources */ = {
			isa = PBXSourcesBuildPhase;
			buildActionMask = 2147483647;
			files = (
			);
			runOnlyForDeploymentPostprocessing = 0;
		};
/* End PBXSourcesBuildPhase section */

/* Begin PBXTargetDependency section */
		12D252F92B0CFAD60016EAF6 /* PBXTargetDependency */ = {
			isa = PBXTargetDependency;
			target = 12D252E62B0CFAD50016EAF6 /* TP2 */;
			targetProxy = 12D252F82B0CFAD60016EAF6 /* PBXContainerItemProxy */;
		};
		12D253032B0CFAD60016EAF6 /* PBXTargetDependency */ = {
			isa = PBXTargetDependency;
			target = 12D252E62B0CFAD50016EAF6 /* TP2 */;
			targetProxy = 12D253022B0CFAD60016EAF6 /* PBXContainerItemProxy */;
		};
/* End PBXTargetDependency section */

/* Begin XCBuildConfiguration section */
		12D253092B0CFAD60016EAF6 /* Debug */ = {
			isa = XCBuildConfiguration;
			buildSettings = {
				ALWAYS_SEARCH_USER_PATHS = NO;
				CLANG_ANALYZER_NONNULL = YES;
				CLANG_ANALYZER_NUMBER_OBJECT_CONVERSION = YES_AGGRESSIVE;
				CLANG_CXX_LANGUAGE_STANDARD = "gnu++17";
				CLANG_ENABLE_MODULES = YES;
				CLANG_ENABLE_OBJC_ARC = YES;
				CLANG_ENABLE_OBJC_WEAK = YES;
				CLANG_WARN_BLOCK_CAPTURE_AUTORELEASING = YES;
				CLANG_WARN_BOOL_CONVERSION = YES;
				CLANG_WARN_COMMA = YES;
				CLANG_WARN_CONSTANT_CONVERSION = YES;
				CLANG_WARN_DEPRECATED_OBJC_IMPLEMENTATIONS = YES;
				CLANG_WARN_DIRECT_OBJC_ISA_USAGE = YES_ERROR;
				CLANG_WARN_DOCUMENTATION_COMMENTS = YES;
				CLANG_WARN_EMPTY_BODY = YES;
				CLANG_WARN_ENUM_CONVERSION = YES;
				CLANG_WARN_INFINITE_RECURSION = YES;
				CLANG_WARN_INT_CONVERSION = YES;
				CLANG_WARN_NON_LITERAL_NULL_CONVERSION = YES;
				CLANG_WARN_OBJC_IMPLICIT_RETAIN_SELF = YES;
				CLANG_WARN_OBJC_LITERAL_CONVERSION = YES;
				CLANG_WARN_OBJC_ROOT_CLASS = YES_ERROR;
				CLANG_WARN_QUOTED_INCLUDE_IN_FRAMEWORK_HEADER = YES;
				CLANG_WARN_RANGE_LOOP_ANALYSIS = YES;
				CLANG_WARN_STRICT_PROTOTYPES = YES;
				CLANG_WARN_SUSPICIOUS_MOVE = YES;
				CLANG_WARN_UNGUARDED_AVAILABILITY = YES_AGGRESSIVE;
				CLANG_WARN_UNREACHABLE_CODE = YES;
				CLANG_WARN__DUPLICATE_METHOD_MATCH = YES;
				COPY_PHASE_STRIP = NO;
				DEBUG_INFORMATION_FORMAT = dwarf;
				ENABLE_STRICT_OBJC_MSGSEND = YES;
				ENABLE_TESTABILITY = YES;
				GCC_C_LANGUAGE_STANDARD = gnu11;
				GCC_DYNAMIC_NO_PIC = NO;
				GCC_NO_COMMON_BLOCKS = YES;
				GCC_OPTIMIZATION_LEVEL = 0;
				GCC_PREPROCESSOR_DEFINITIONS = (
					"DEBUG=1",
					"$(inherited)",
				);
				GCC_WARN_64_TO_32_BIT_CONVERSION = YES;
				GCC_WARN_ABOUT_RETURN_TYPE = YES_ERROR;
				GCC_WARN_UNDECLARED_SELECTOR = YES;
				GCC_WARN_UNINITIALIZED_AUTOS = YES_AGGRESSIVE;
				GCC_WARN_UNUSED_FUNCTION = YES;
				GCC_WARN_UNUSED_VARIABLE = YES;
				IPHONEOS_DEPLOYMENT_TARGET = 15.5;
				MTL_ENABLE_DEBUG_INFO = INCLUDE_SOURCE;
				MTL_FAST_MATH = YES;
				ONLY_ACTIVE_ARCH = YES;
				SDKROOT = iphoneos;
				SWIFT_ACTIVE_COMPILATION_CONDITIONS = DEBUG;
				SWIFT_OPTIMIZATION_LEVEL = "-Onone";
			};
			name = Debug;
		};
		12D2530A2B0CFAD60016EAF6 /* Release */ = {
			isa = XCBuildConfiguration;
			buildSettings = {
				ALWAYS_SEARCH_USER_PATHS = NO;
				CLANG_ANALYZER_NONNULL = YES;
				CLANG_ANALYZER_NUMBER_OBJECT_CONVERSION = YES_AGGRESSIVE;
				CLANG_CXX_LANGUAGE_STANDARD = "gnu++17";
				CLANG_ENABLE_MODULES = YES;
				CLANG_ENABLE_OBJC_ARC = YES;
				CLANG_ENABLE_OBJC_WEAK = YES;
				CLANG_WARN_BLOCK_CAPTURE_AUTORELEASING = YES;
				CLANG_WARN_BOOL_CONVERSION = YES;
				CLANG_WARN_COMMA = YES;
				CLANG_WARN_CONSTANT_CONVERSION = YES;
				CLANG_WARN_DEPRECATED_OBJC_IMPLEMENTATIONS = YES;
				CLANG_WARN_DIRECT_OBJC_ISA_USAGE = YES_ERROR;
				CLANG_WARN_DOCUMENTATION_COMMENTS = YES;
				CLANG_WARN_EMPTY_BODY = YES;
				CLANG_WARN_ENUM_CONVERSION = YES;
				CLANG_WARN_INFINITE_RECURSION = YES;
				CLANG_WARN_INT_CONVERSION = YES;
				CLANG_WARN_NON_LITERAL_NULL_CONVERSION = YES;
				CLANG_WARN_OBJC_IMPLICIT_RETAIN_SELF = YES;
				CLANG_WARN_OBJC_LITERAL_CONVERSION = YES;
				CLANG_WARN_OBJC_ROOT_CLASS = YES_ERROR;
				CLANG_WARN_QUOTED_INCLUDE_IN_FRAMEWORK_HEADER = YES;
				CLANG_WARN_RANGE_LOOP_ANALYSIS = YES;
				CLANG_WARN_STRICT_PROTOTYPES = YES;
				CLANG_WARN_SUSPICIOUS_MOVE = YES;
				CLANG_WARN_UNGUARDED_AVAILABILITY = YES_AGGRESSIVE;
				CLANG_WARN_UNREACHABLE_CODE = YES;
				CLANG_WARN__DUPLICATE_METHOD_MATCH = YES;
				COPY_PHASE_STRIP = NO;
				DEBUG_INFORMATION_FORMAT = "dwarf-with-dsym";
				ENABLE_NS_ASSERTIONS = NO;
				ENABLE_STRICT_OBJC_MSGSEND = YES;
				GCC_C_LANGUAGE_STANDARD = gnu11;
				GCC_NO_COMMON_BLOCKS = YES;
				GCC_WARN_64_TO_32_BIT_CONVERSION = YES;
				GCC_WARN_ABOUT_RETURN_TYPE = YES_ERROR;
				GCC_WARN_UNDECLARED_SELECTOR = YES;
				GCC_WARN_UNINITIALIZED_AUTOS = YES_AGGRESSIVE;
				GCC_WARN_UNUSED_FUNCTION = YES;
				GCC_WARN_UNUSED_VARIABLE = YES;
				IPHONEOS_DEPLOYMENT_TARGET = 15.5;
				MTL_ENABLE_DEBUG_INFO = NO;
				MTL_FAST_MATH = YES;
				SDKROOT = iphoneos;
				SWIFT_COMPILATION_MODE = wholemodule;
				SWIFT_OPTIMIZATION_LEVEL = "-O";
				VALIDATE_PRODUCT = YES;
			};
			name = Release;
		};
		12D2530C2B0CFAD60016EAF6 /* Debug */ = {
			isa = XCBuildConfiguration;
			buildSettings = {
				ASSETCATALOG_COMPILER_APPICON_NAME = AppIcon;
				ASSETCATALOG_COMPILER_GLOBAL_ACCENT_COLOR_NAME = AccentColor;
				CODE_SIGN_STYLE = Automatic;
				CURRENT_PROJECT_VERSION = 1;
				DEVELOPMENT_ASSET_PATHS = "\"TP2/Preview Content\"";
				ENABLE_PREVIEWS = YES;
				GENERATE_INFOPLIST_FILE = YES;
				INFOPLIST_KEY_UIApplicationSceneManifest_Generation = YES;
				INFOPLIST_KEY_UIApplicationSupportsIndirectInputEvents = YES;
				INFOPLIST_KEY_UILaunchScreen_Generation = YES;
				INFOPLIST_KEY_UISupportedInterfaceOrientations_iPad = "UIInterfaceOrientationPortrait UIInterfaceOrientationPortraitUpsideDown UIInterfaceOrientationLandscapeLeft UIInterfaceOrientationLandscapeRight";
				INFOPLIST_KEY_UISupportedInterfaceOrientations_iPhone = "UIInterfaceOrientationPortrait UIInterfaceOrientationLandscapeLeft UIInterfaceOrientationLandscapeRight";
				LD_RUNPATH_SEARCH_PATHS = (
					"$(inherited)",
					"@executable_path/Frameworks",
				);
				MARKETING_VERSION = 1.0;
				PRODUCT_BUNDLE_IDENTIFIER = "Cegep-regional-de-lanaudiere.TP2";
				PRODUCT_NAME = "$(TARGET_NAME)";
				SWIFT_EMIT_LOC_STRINGS = YES;
				SWIFT_VERSION = 5.0;
				TARGETED_DEVICE_FAMILY = "1,2";
			};
			name = Debug;
		};
		12D2530D2B0CFAD60016EAF6 /* Release */ = {
			isa = XCBuildConfiguration;
			buildSettings = {
				ASSETCATALOG_COMPILER_APPICON_NAME = AppIcon;
				ASSETCATALOG_COMPILER_GLOBAL_ACCENT_COLOR_NAME = AccentColor;
				CODE_SIGN_STYLE = Automatic;
				CURRENT_PROJECT_VERSION = 1;
				DEVELOPMENT_ASSET_PATHS = "\"TP2/Preview Content\"";
				ENABLE_PREVIEWS = YES;
				GENERATE_INFOPLIST_FILE = YES;
				INFOPLIST_KEY_UIApplicationSceneManifest_Generation = YES;
				INFOPLIST_KEY_UIApplicationSupportsIndirectInputEvents = YES;
				INFOPLIST_KEY_UILaunchScreen_Generation = YES;
				INFOPLIST_KEY_UISupportedInterfaceOrientations_iPad = "UIInterfaceOrientationPortrait UIInterfaceOrientationPortraitUpsideDown UIInterfaceOrientationLandscapeLeft UIInterfaceOrientationLandscapeRight";
				INFOPLIST_KEY_UISupportedInterfaceOrientations_iPhone = "UIInterfaceOrientationPortrait UIInterfaceOrientationLandscapeLeft UIInterfaceOrientationLandscapeRight";
				LD_RUNPATH_SEARCH_PATHS = (
					"$(inherited)",
					"@executable_path/Frameworks",
				);
				MARKETING_VERSION = 1.0;
				PRODUCT_BUNDLE_IDENTIFIER = "Cegep-regional-de-lanaudiere.TP2";
				PRODUCT_NAME = "$(TARGET_NAME)";
				SWIFT_EMIT_LOC_STRINGS = YES;
				SWIFT_VERSION = 5.0;
				TARGETED_DEVICE_FAMILY = "1,2";
			};
			name = Release;
		};
		12D2530F2B0CFAD60016EAF6 /* Debug */ = {
			isa = XCBuildConfiguration;
			buildSettings = {
				ALWAYS_EMBED_SWIFT_STANDARD_LIBRARIES = YES;
				BUNDLE_LOADER = "$(TEST_HOST)";
				CODE_SIGN_STYLE = Automatic;
				CURRENT_PROJECT_VERSION = 1;
				GENERATE_INFOPLIST_FILE = YES;
				IPHONEOS_DEPLOYMENT_TARGET = 15.5;
				MARKETING_VERSION = 1.0;
				PRODUCT_BUNDLE_IDENTIFIER = "Cegep-regional-de-lanaudiere.TP2Tests";
				PRODUCT_NAME = "$(TARGET_NAME)";
				SWIFT_EMIT_LOC_STRINGS = NO;
				SWIFT_VERSION = 5.0;
				TARGETED_DEVICE_FAMILY = "1,2";
				TEST_HOST = "$(BUILT_PRODUCTS_DIR)/TP2.app/TP2";
			};
			name = Debug;
		};
		12D253102B0CFAD60016EAF6 /* Release */ = {
			isa = XCBuildConfiguration;
			buildSettings = {
				ALWAYS_EMBED_SWIFT_STANDARD_LIBRARIES = YES;
				BUNDLE_LOADER = "$(TEST_HOST)";
				CODE_SIGN_STYLE = Automatic;
				CURRENT_PROJECT_VERSION = 1;
				GENERATE_INFOPLIST_FILE = YES;
				IPHONEOS_DEPLOYMENT_TARGET = 15.5;
				MARKETING_VERSION = 1.0;
				PRODUCT_BUNDLE_IDENTIFIER = "Cegep-regional-de-lanaudiere.TP2Tests";
				PRODUCT_NAME = "$(TARGET_NAME)";
				SWIFT_EMIT_LOC_STRINGS = NO;
				SWIFT_VERSION = 5.0;
				TARGETED_DEVICE_FAMILY = "1,2";
				TEST_HOST = "$(BUILT_PRODUCTS_DIR)/TP2.app/TP2";
			};
			name = Release;
		};
		12D253122B0CFAD60016EAF6 /* Debug */ = {
			isa = XCBuildConfiguration;
			buildSettings = {
				ALWAYS_EMBED_SWIFT_STANDARD_LIBRARIES = YES;
				CODE_SIGN_STYLE = Automatic;
				CURRENT_PROJECT_VERSION = 1;
				GENERATE_INFOPLIST_FILE = YES;
				MARKETING_VERSION = 1.0;
				PRODUCT_BUNDLE_IDENTIFIER = "Cegep-regional-de-lanaudiere.TP2UITests";
				PRODUCT_NAME = "$(TARGET_NAME)";
				SWIFT_EMIT_LOC_STRINGS = NO;
				SWIFT_VERSION = 5.0;
				TARGETED_DEVICE_FAMILY = "1,2";
				TEST_TARGET_NAME = TP2;
			};
			name = Debug;
		};
		12D253132B0CFAD60016EAF6 /* Release */ = {
			isa = XCBuildConfiguration;
			buildSettings = {
				ALWAYS_EMBED_SWIFT_STANDARD_LIBRARIES = YES;
				CODE_SIGN_STYLE = Automatic;
				CURRENT_PROJECT_VERSION = 1;
				GENERATE_INFOPLIST_FILE = YES;
				MARKETING_VERSION = 1.0;
				PRODUCT_BUNDLE_IDENTIFIER = "Cegep-regional-de-lanaudiere.TP2UITests";
				PRODUCT_NAME = "$(TARGET_NAME)";
				SWIFT_EMIT_LOC_STRINGS = NO;
				SWIFT_VERSION = 5.0;
				TARGETED_DEVICE_FAMILY = "1,2";
				TEST_TARGET_NAME = TP2;
			};
			name = Release;
		};
/* End XCBuildConfiguration section */

/* Begin XCConfigurationList section */
		12D252E22B0CFAD50016EAF6 /* Build configuration list for PBXProject "TP2" */ = {
			isa = XCConfigurationList;
			buildConfigurations = (
				12D253092B0CFAD60016EAF6 /* Debug */,
				12D2530A2B0CFAD60016EAF6 /* Release */,
			);
			defaultConfigurationIsVisible = 0;
			defaultConfigurationName = Release;
		};
		12D2530B2B0CFAD60016EAF6 /* Build configuration list for PBXNativeTarget "TP2" */ = {
			isa = XCConfigurationList;
			buildConfigurations = (
				12D2530C2B0CFAD60016EAF6 /* Debug */,
				12D2530D2B0CFAD60016EAF6 /* Release */,
			);
			defaultConfigurationIsVisible = 0;
			defaultConfigurationName = Release;
		};
		12D2530E2B0CFAD60016EAF6 /* Build configuration list for PBXNativeTarget "TP2Tests" */ = {
			isa = XCConfigurationList;
			buildConfigurations = (
				12D2530F2B0CFAD60016EAF6 /* Debug */,
				12D253102B0CFAD60016EAF6 /* Release */,
			);
			defaultConfigurationIsVisible = 0;
			defaultConfigurationName = Release;
		};
		12D253112B0CFAD60016EAF6 /* Build configuration list for PBXNativeTarget "TP2UITests" */ = {
			isa = XCConfigurationList;
			buildConfigurations = (
				12D253122B0CFAD60016EAF6 /* Debug */,
				12D253132B0CFAD60016EAF6 /* Release */,
			);
			defaultConfigurationIsVisible = 0;
			defaultConfigurationName = Release;
		};
/* End XCConfigurationList section */
	};
	rootObject = 12D252DF2B0CFAD50016EAF6 /* Project object */;
}
