
Microsoft Visual Studio Solution File, Format Version 12.00
Project("{FAE04EC0-301F-11D3-BF4B-00C04F79EFBC}") = "Progress_Brawlhalla", "Progress_Brawlhalla\Progress_Brawlhalla.csproj", "{CFDC4833-FDF2-42E1-8236-CFAAD84AA481}"
EndProject
Global
	GlobalSection(SolutionConfigurationPlatforms) = preSolution
		Debug|Any CPU = Debug|Any CPU
		Release|Any CPU = Release|Any CPU
	EndGlobalSection
	GlobalSection(ProjectConfigurationPlatforms) = postSolution
		{CFDC4833-FDF2-42E1-8236-CFAAD84AA481}.Debug|Any CPU.ActiveCfg = Debug|Any CPU
		{CFDC4833-FDF2-42E1-8236-CFAAD84AA481}.Debug|Any CPU.Build.0 = Debug|Any CPU
		{CFDC4833-FDF2-42E1-8236-CFAAD84AA481}.Release|Any CPU.ActiveCfg = Release|Any CPU
		{CFDC4833-FDF2-42E1-8236-CFAAD84AA481}.Release|Any CPU.Build.0 = Release|Any CPU
	EndGlobalSection
EndGlobal
